// !$*UTF8*$!
{
	archiveVersion = 1;
	classes = {
	};
	objectVersion = 46;
	objects = {

/* Begin PBXBuildFile section */
		873369AB1D9648A700E61E21 /* AppDelegate.swift in Sources */ = {isa = PBXBuildFile; fileRef = 873369AA1D9648A700E61E21 /* AppDelegate.swift */; };
		873369B21D9648A700E61E21 /* Assets.xcassets in Resources */ = {isa = PBXBuildFile; fileRef = 873369B11D9648A700E61E21 /* Assets.xcassets */; };
		873369B51D9648A700E61E21 /* LaunchScreen.storyboard in Resources */ = {isa = PBXBuildFile; fileRef = 873369B31D9648A700E61E21 /* LaunchScreen.storyboard */; };
		D47C1FD795DBBF49CA26B201 /* Pods_Divvy.framework in Frameworks */ = {isa = PBXBuildFile; fileRef = 74B39D8E1D5D3AA3EB87AA65 /* Pods_Divvy.framework */; };
/* End PBXBuildFile section */

/* Begin PBXFileReference section */
		2759908FEC944CBB3202A4F3 /* Pods-Divvy.debug.xcconfig */ = {isa = PBXFileReference; includeInIndex = 1; lastKnownFileType = text.xcconfig; name = "Pods-Divvy.debug.xcconfig"; path = "Pods/Target Support Files/Pods-Divvy/Pods-Divvy.debug.xcconfig"; sourceTree = "<group>"; };
		69273064E53293E6B246795E /* Pods-Divvy.release.xcconfig */ = {isa = PBXFileReference; includeInIndex = 1; lastKnownFileType = text.xcconfig; name = "Pods-Divvy.release.xcconfig"; path = "Pods/Target Support Files/Pods-Divvy/Pods-Divvy.release.xcconfig"; sourceTree = "<group>"; };
		74B39D8E1D5D3AA3EB87AA65 /* Pods_Divvy.framework */ = {isa = PBXFileReference; explicitFileType = wrapper.framework; includeInIndex = 0; path = Pods_Divvy.framework; sourceTree = BUILT_PRODUCTS_DIR; };
		873369A71D9648A700E61E21 /* Divvy.app */ = {isa = PBXFileReference; explicitFileType = wrapper.application; includeInIndex = 0; path = Divvy.app; sourceTree = BUILT_PRODUCTS_DIR; };
		873369AA1D9648A700E61E21 /* AppDelegate.swift */ = {isa = PBXFileReference; lastKnownFileType = sourcecode.swift; path = AppDelegate.swift; sourceTree = "<group>"; };
		873369B11D9648A700E61E21 /* Assets.xcassets */ = {isa = PBXFileReference; lastKnownFileType = folder.assetcatalog; path = Assets.xcassets; sourceTree = "<group>"; };
		873369B41D9648A700E61E21 /* Base */ = {isa = PBXFileReference; lastKnownFileType = file.storyboard; name = Base; path = Base.lproj/LaunchScreen.storyboard; sourceTree = "<group>"; };
		873369B61D9648A700E61E21 /* Info.plist */ = {isa = PBXFileReference; lastKnownFileType = text.plist.xml; path = Info.plist; sourceTree = "<group>"; };
/* End PBXFileReference section */

/* Begin PBXFrameworksBuildPhase section */
		873369A41D9648A700E61E21 /* Frameworks */ = {
			isa = PBXFrameworksBuildPhase;
			buildActionMask = 2147483647;
			files = (
				D47C1FD795DBBF49CA26B201 /* Pods_Divvy.framework in Frameworks */,
			);
			runOnlyForDeploymentPostprocessing = 0;
		};
/* End PBXFrameworksBuildPhase section */

/* Begin PBXGroup section */
		4D6CAAABF1ABE13072516CC4 /* Frameworks */ = {
			isa = PBXGroup;
			children = (
				74B39D8E1D5D3AA3EB87AA65 /* Pods_Divvy.framework */,
			);
			name = Frameworks;
			sourceTree = "<group>";
		};
		8733699E1D9648A700E61E21 = {
			isa = PBXGroup;
			children = (
				873369A91D9648A700E61E21 /* Divvy */,
				873369A81D9648A700E61E21 /* Products */,
				AB7884306F7F11403AA8A267 /* Pods */,
				4D6CAAABF1ABE13072516CC4 /* Frameworks */,
			);
			sourceTree = "<group>";
		};
		873369A81D9648A700E61E21 /* Products */ = {
			isa = PBXGroup;
			children = (
				873369A71D9648A700E61E21 /* Divvy.app */,
			);
			name = Products;
			sourceTree = "<group>";
		};
		873369A91D9648A700E61E21 /* Divvy */ = {
			isa = PBXGroup;
			children = (
				873369AA1D9648A700E61E21 /* AppDelegate.swift */,
				873369B11D9648A700E61E21 /* Assets.xcassets */,
				873369B31D9648A700E61E21 /* LaunchScreen.storyboard */,
				873369B61D9648A700E61E21 /* Info.plist */,
			);
			path = Divvy;
			sourceTree = "<group>";
		};
		AB7884306F7F11403AA8A267 /* Pods */ = {
			isa = PBXGroup;
			children = (
				2759908FEC944CBB3202A4F3 /* Pods-Divvy.debug.xcconfig */,
				69273064E53293E6B246795E /* Pods-Divvy.release.xcconfig */,
			);
			name = Pods;
			sourceTree = "<group>";
		};
/* End PBXGroup section */

/* Begin PBXNativeTarget section */
		873369A61D9648A700E61E21 /* Divvy */ = {
			isa = PBXNativeTarget;
			buildConfigurationList = 873369B91D9648A700E61E21 /* Build configuration list for PBXNativeTarget "Divvy" */;
			buildPhases = (
				44526ABE87A4F171F5E9DF95 /* 📦 Check Pods Manifest.lock */,
				873369A31D9648A700E61E21 /* Sources */,
				873369A41D9648A700E61E21 /* Frameworks */,
				873369A51D9648A700E61E21 /* Resources */,
				7D22FB0D99B112E7FB15E774 /* 📦 Embed Pods Frameworks */,
				B8F485DD6AC6C2901595996E /* 📦 Copy Pods Resources */,
			);
			buildRules = (
			);
			dependencies = (
			);
			name = Divvy;
			productName = Divvy;
			productReference = 873369A71D9648A700E61E21 /* Divvy.app */;
			productType = "com.apple.product-type.application";
		};
/* End PBXNativeTarget section */

/* Begin PBXProject section */
		8733699F1D9648A700E61E21 /* Project object */ = {
			isa = PBXProject;
			attributes = {
				LastSwiftUpdateCheck = 0730;
				LastUpgradeCheck = 0730;
				ORGANIZATIONNAME = "Sahaj Bhatt";
				TargetAttributes = {
					873369A61D9648A700E61E21 = {
						CreatedOnToolsVersion = 7.3.1;
						DevelopmentTeam = U9X42PLV7V;
					};
				};
			};
			buildConfigurationList = 873369A21D9648A700E61E21 /* Build configuration list for PBXProject "Divvy" */;
			compatibilityVersion = "Xcode 3.2";
			developmentRegion = English;
			hasScannedForEncodings = 0;
			knownRegions = (
				en,
				Base,
			);
			mainGroup = 8733699E1D9648A700E61E21;
			productRefGroup = 873369A81D9648A700E61E21 /* Products */;
			projectDirPath = "";
			projectRoot = "";
			targets = (
				873369A61D9648A700E61E21 /* Divvy */,
			);
		};
/* End PBXProject section */

/* Begin PBXResourcesBuildPhase section */
		873369A51D9648A700E61E21 /* Resources */ = {
			isa = PBXResourcesBuildPhase;
			buildActionMask = 2147483647;
			files = (
				873369B51D9648A700E61E21 /* LaunchScreen.storyboard in Resources */,
				873369B21D9648A700E61E21 /* Assets.xcassets in Resources */,
			);
			runOnlyForDeploymentPostprocessing = 0;
		};
/* End PBXResourcesBuildPhase section */

/* Begin PBXShellScriptBuildPhase section */
		44526ABE87A4F171F5E9DF95 /* 📦 Check Pods Manifest.lock */ = {
			isa = PBXShellScriptBuildPhase;
			buildActionMask = 2147483647;
			files = (
			);
			inputPaths = (
			);
			name = "📦 Check Pods Manifest.lock";
			outputPaths = (
			);
			runOnlyForDeploymentPostprocessing = 0;
			shellPath = /bin/sh;
			shellScript = "diff \"${PODS_ROOT}/../Podfile.lock\" \"${PODS_ROOT}/Manifest.lock\" > /dev/null\nif [[ $? != 0 ]] ; then\n    cat << EOM\nerror: The sandbox is not in sync with the Podfile.lock. Run 'pod install' or update your CocoaPods installation.\nEOM\n    exit 1\nfi\n";
			showEnvVarsInLog = 0;
		};
		7D22FB0D99B112E7FB15E774 /* 📦 Embed Pods Frameworks */ = {
			isa = PBXShellScriptBuildPhase;
			buildActionMask = 2147483647;
			files = (
			);
			inputPaths = (
			);
			name = "📦 Embed Pods Frameworks";
			outputPaths = (
			);
			runOnlyForDeploymentPostprocessing = 0;
			shellPath = /bin/sh;
			shellScript = "\"${SRCROOT}/Pods/Target Support Files/Pods-Divvy/Pods-Divvy-frameworks.sh\"\n";
			showEnvVarsInLog = 0;
		};
		B8F485DD6AC6C2901595996E /* 📦 Copy Pods Resources */ = {
			isa = PBXShellScriptBuildPhase;
			buildActionMask = 2147483647;
			files = (
			);
			inputPaths = (
			);
			name = "📦 Copy Pods Resources";
			outputPaths = (
			);
			runOnlyForDeploymentPostprocessing = 0;
			shellPath = /bin/sh;
			shellScript = "\"${SRCROOT}/Pods/Target Support Files/Pods-Divvy/Pods-Divvy-resources.sh\"\n";
			showEnvVarsInLog = 0;
		};
/* End PBXShellScriptBuildPhase section */

/* Begin PBXSourcesBuildPhase section */
		873369A31D9648A700E61E21 /* Sources */ = {
			isa = PBXSourcesBuildPhase;
			buildActionMask = 2147483647;
			files = (
				873369AB1D9648A700E61E21 /* AppDelegate.swift in Sources */,
			);
			runOnlyForDeploymentPostprocessing = 0;
		};
/* End PBXSourcesBuildPhase section */

/* Begin PBXVariantGroup section */
		873369B31D9648A700E61E21 /* LaunchScreen.storyboard */ = {
			isa = PBXVariantGroup;
			children = (
				873369B41D9648A700E61E21 /* Base */,
			);
			name = LaunchScreen.storyboard;
			sourceTree = "<group>";
		};
/* End PBXVariantGroup section */

/* Begin XCBuildConfiguration section */
		873369B71D9648A700E61E21 /* Debug */ = {
			isa = XCBuildConfiguration;
			buildSettings = {
				ALWAYS_SEARCH_USER_PATHS = NO;
				CLANG_ANALYZER_NONNULL = YES;
				CLANG_CXX_LANGUAGE_STANDARD = "gnu++0x";
				CLANG_CXX_LIBRARY = "libc++";
				CLANG_ENABLE_MODULES = YES;
				CLANG_ENABLE_OBJC_ARC = YES;
				CLANG_WARN_BOOL_CONVERSION = YES;
				CLANG_WARN_CONSTANT_CONVERSION = YES;
				CLANG_WARN_DIRECT_OBJC_ISA_USAGE = YES_ERROR;
				CLANG_WARN_EMPTY_BODY = YES;
				CLANG_WARN_ENUM_CONVERSION = YES;
				CLANG_WARN_INT_CONVERSION = YES;
				CLANG_WARN_OBJC_ROOT_CLASS = YES_ERROR;
				CLANG_WARN_UNREACHABLE_CODE = YES;
				CLANG_WARN__DUPLICATE_METHOD_MATCH = YES;
				"CODE_SIGN_IDENTITY[sdk=iphoneos*]" = "iPhone Developer";
				COPY_PHASE_STRIP = NO;
				DEBUG_INFORMATION_FORMAT = dwarf;
				ENABLE_STRICT_OBJC_MSGSEND = YES;
				ENABLE_TESTABILITY = YES;
				GCC_C_LANGUAGE_STANDARD = gnu99;
				GCC_DYNAMIC_NO_PIC = NO;
				GCC_NO_COMMON_BLOCKS = YES;
				GCC_OPTIMIZATION_LEVEL = 0;
				GCC_PREPROCESSOR_DEFINITIONS = (
					"DEBUG=1",
					"$(inherited)",
				);
				GCC_WARN_64_TO_32_BIT_CONVERSION = YES;
				GCC_WARN_ABOUT_RETURN_TYPE = YES_ERROR;
				GCC_WARN_UNDECLARED_SELECTOR = YES;
				GCC_WARN_UNINITIALIZED_AUTOS = YES_AGGRESSIVE;
				GCC_WARN_UNUSED_FUNCTION = YES;
				GCC_WARN_UNUSED_VARIABLE = YES;
				IPHONEOS_DEPLOYMENT_TARGET = 9.3;
				MTL_ENABLE_DEBUG_INFO = YES;
				ONLY_ACTIVE_ARCH = YES;
				SDKROOT = iphoneos;
				SWIFT_OPTIMIZATION_LEVEL = "-Onone";
				TARGETED_DEVICE_FAMILY = "1,2";
			};
			name = Debug;
		};
		873369B81D9648A700E61E21 /* Release */ = {
			isa = XCBuildConfiguration;
			buildSettings = {
				ALWAYS_SEARCH_USER_PATHS = NO;
				CLANG_ANALYZER_NONNULL = YES;
				CLANG_CXX_LANGUAGE_STANDARD = "gnu++0x";
				CLANG_CXX_LIBRARY = "libc++";
				CLANG_ENABLE_MODULES = YES;
				CLANG_ENABLE_OBJC_ARC = YES;
				CLANG_WARN_BOOL_CONVERSION = YES;
				CLANG_WARN_CONSTANT_CONVERSION = YES;
				CLANG_WARN_DIRECT_OBJC_ISA_USAGE = YES_ERROR;
				CLANG_WARN_EMPTY_BODY = YES;
				CLANG_WARN_ENUM_CONVERSION = YES;
				CLANG_WARN_INT_CONVERSION = YES;
				CLANG_WARN_OBJC_ROOT_CLASS = YES_ERROR;
				CLANG_WARN_UNREACHABLE_CODE = YES;
				CLANG_WARN__DUPLICATE_METHOD_MATCH = YES;
				"CODE_SIGN_IDENTITY[sdk=iphoneos*]" = "iPhone Developer";
				COPY_PHASE_STRIP = NO;
				DEBUG_INFORMATION_FORMAT = "dwarf-with-dsym";
				ENABLE_NS_ASSERTIONS = NO;
				ENABLE_STRICT_OBJC_MSGSEND = YES;
				GCC_C_LANGUAGE_STANDARD = gnu99;
				GCC_NO_COMMON_BLOCKS = YES;
				GCC_WARN_64_TO_32_BIT_CONVERSION = YES;
				GCC_WARN_ABOUT_RETURN_TYPE = YES_ERROR;
				GCC_WARN_UNDECLARED_SELECTOR = YES;
				GCC_WARN_UNINITIALIZED_AUTOS = YES_AGGRESSIVE;
				GCC_WARN_UNUSED_FUNCTION = YES;
				GCC_WARN_UNUSED_VARIABLE = YES;
				IPHONEOS_DEPLOYMENT_TARGET = 9.3;
				MTL_ENABLE_DEBUG_INFO = NO;
				SDKROOT = iphoneos;
				TARGETED_DEVICE_FAMILY = "1,2";
				VALIDATE_PRODUCT = YES;
			};
			name = Release;
		};
		873369BA1D9648A700E61E21 /* Debug */ = {
			isa = XCBuildConfiguration;
			baseConfigurationReference = 2759908FEC944CBB3202A4F3 /* Pods-Divvy.debug.xcconfig */;
			buildSettings = {
				ASSETCATALOG_COMPILER_APPICON_NAME = AppIcon;
				INFOPLIST_FILE = Divvy/Info.plist;
				LD_RUNPATH_SEARCH_PATHS = "$(inherited) @executable_path/Frameworks";
				PRODUCT_BUNDLE_IDENTIFIER = com.sahajbhatt.Divvy;
				PRODUCT_NAME = "$(TARGET_NAME)";
			};
			name = Debug;
		};
		873369BB1D9648A700E61E21 /* Release */ = {
			isa = XCBuildConfiguration;
			baseConfigurationReference = 69273064E53293E6B246795E /* Pods-Divvy.release.xcconfig */;
			buildSettings = {
				ASSETCATALOG_COMPILER_APPICON_NAME = AppIcon;
				INFOPLIST_FILE = Divvy/Info.plist;
				LD_RUNPATH_SEARCH_PATHS = "$(inherited) @executable_path/Frameworks";
				PRODUCT_BUNDLE_IDENTIFIER = com.sahajbhatt.Divvy;
				PRODUCT_NAME = "$(TARGET_NAME)";
			};
			name = Release;
		};
/* End XCBuildConfiguration section */

/* Begin XCConfigurationList section */
		873369A21D9648A700E61E21 /* Build configuration list for PBXProject "Divvy" */ = {
			isa = XCConfigurationList;
			buildConfigurations = (
				873369B71D9648A700E61E21 /* Debug */,
				873369B81D9648A700E61E21 /* Release */,
			);
			defaultConfigurationIsVisible = 0;
			defaultConfigurationName = Release;
		};
		873369B91D9648A700E61E21 /* Build configuration list for PBXNativeTarget "Divvy" */ = {
			isa = XCConfigurationList;
			buildConfigurations = (
				873369BA1D9648A700E61E21 /* Debug */,
				873369BB1D9648A700E61E21 /* Release */,
			);
			defaultConfigurationIsVisible = 0;
			defaultConfigurationName = Release;
		};
/* End XCConfigurationList section */
	};
	rootObject = 8733699F1D9648A700E61E21 /* Project object */;
}
